{
  "name": "Cassandra",
  "lockfileVersion": 3,
  "requires": true,
  "packages": {
    "": {
      "dependencies": {
        "oh-my-opencode-darwin-arm64": "^3.12.3"
      }
    },
    "node_modules/oh-my-opencode-darwin-arm64": {
      "version": "3.12.3",
      "resolved": "https://registry.npmjs.org/oh-my-opencode-darwin-arm64/-/oh-my-opencode-darwin-arm64-3.12.3.tgz",
      "integrity": "sha512-SLwOlwO6T/mHpoc0H+MpN+/pUHY8mHjxTBltpsHc1gHDSMhAC8ZGseb4SG8r7INYbqgrF8wFm8Kr2I3O6uCgQQ==",
      "cpu": [
        "arm64"
      ],
      "license": "MIT",
      "os": [
        "darwin"
      ],
      "bin": {
        "oh-my-opencode": "bin/oh-my-opencode"
      }
    }
  }
}
